
Microsoft Visual Studio Solution File, Format Version 12.00
# Visual Studio Version 17
VisualStudioVersion = 17.12.35506.116 d17.12
MinimumVisualStudioVersion = 10.0.40219.1
Project("{FAE04EC0-301F-11D3-BF4B-00C04F79EFBC}") = "Veiling.Server", "Veiling.Server\Veiling.Server.csproj", "{3EEB788D-7889-416E-BFCF-9148C5AF75A3}"
EndProject
Project("{54A90642-561A-4BB1-A94E-469ADEE60C69}") = "veiling.client", "veiling.client\veiling.client.esproj", "{B8783F05-FF46-436F-9C46-27F5B43A1302}"
EndProject
Project("{FAE04EC0-301F-11D3-BF4B-00C04F79EFBC}") = "Veiling.Server.Test", "Veiling.Server.Test\Veiling.Server.Test.csproj", "{6647449F-5D51-4A84-8F6A-90A89AA749C0}"
EndProject
Global
	GlobalSection(SolutionConfigurationPlatforms) = preSolution
		Debug|Any CPU = Debug|Any CPU
		Release|Any CPU = Release|Any CPU
	EndGlobalSection
	GlobalSection(ProjectConfigurationPlatforms) = postSolution
		{3EEB788D-7889-416E-BFCF-9148C5AF75A3}.Debug|Any CPU.ActiveCfg = Debug|Any CPU
		{3EEB788D-7889-416E-BFCF-9148C5AF75A3}.Debug|Any CPU.Build.0 = Debug|Any CPU
		{3EEB788D-7889-416E-BFCF-9148C5AF75A3}.Release|Any CPU.ActiveCfg = Release|Any CPU
		{3EEB788D-7889-416E-BFCF-9148C5AF75A3}.Release|Any CPU.Build.0 = Release|Any CPU
		{B8783F05-FF46-436F-9C46-27F5B43A1302}.Debug|Any CPU.ActiveCfg = Debug|Any CPU
		{B8783F05-FF46-436F-9C46-27F5B43A1302}.Debug|Any CPU.Build.0 = Debug|Any CPU
		{B8783F05-FF46-436F-9C46-27F5B43A1302}.Debug|Any CPU.Deploy.0 = Debug|Any CPU
		{B8783F05-FF46-436F-9C46-27F5B43A1302}.Release|Any CPU.ActiveCfg = Release|Any CPU
		{B8783F05-FF46-436F-9C46-27F5B43A1302}.Release|Any CPU.Build.0 = Release|Any CPU
		{B8783F05-FF46-436F-9C46-27F5B43A1302}.Release|Any CPU.Deploy.0 = Release|Any CPU
		{6647449F-5D51-4A84-8F6A-90A89AA749C0}.Debug|Any CPU.ActiveCfg = Debug|Any CPU
		{6647449F-5D51-4A84-8F6A-90A89AA749C0}.Debug|Any CPU.Build.0 = Debug|Any CPU
		{6647449F-5D51-4A84-8F6A-90A89AA749C0}.Release|Any CPU.ActiveCfg = Release|Any CPU
		{6647449F-5D51-4A84-8F6A-90A89AA749C0}.Release|Any CPU.Build.0 = Release|Any CPU
	EndGlobalSection
	GlobalSection(SolutionProperties) = preSolution
		HideSolutionNode = FALSE
	EndGlobalSection
EndGlobal
